
Microsoft Visual Studio Solution File, Format Version 12.00
# Visual Studio 2013
VisualStudioVersion = 12.0.30723.0
MinimumVisualStudioVersion = 10.0.40219.1
Project("{FAE04EC0-301F-11D3-BF4B-00C04F79EFBC}") = "ThreadedTree", "ThreadedTree\ThreadedTree.csproj", "{57ED0CA4-BA48-4301-AACD-6A3090A58018}"
EndProject
Project("{FAE04EC0-301F-11D3-BF4B-00C04F79EFBC}") = "BinaryTree", "BinaryTree\BinaryTree.csproj", "{0A18CB9F-6BF5-45C6-B523-D981AD52E767}"
EndProject
Project("{2150E333-8FDC-42A3-9474-1A3956D46DE8}") = "示例树", "示例树", "{5A923D3B-E8ED-462E-8122-57A0101DBDEE}"
	ProjectSection(SolutionItems) = preProject
		示例树.png = 示例树.png
	EndProjectSection
EndProject
Global
	GlobalSection(SolutionConfigurationPlatforms) = preSolution
		Debug|Any CPU = Debug|Any CPU
		Release|Any CPU = Release|Any CPU
	EndGlobalSection
	GlobalSection(ProjectConfigurationPlatforms) = postSolution
		{57ED0CA4-BA48-4301-AACD-6A3090A58018}.Debug|Any CPU.ActiveCfg = Debug|Any CPU
		{57ED0CA4-BA48-4301-AACD-6A3090A58018}.Debug|Any CPU.Build.0 = Debug|Any CPU
		{57ED0CA4-BA48-4301-AACD-6A3090A58018}.Release|Any CPU.ActiveCfg = Release|Any CPU
		{57ED0CA4-BA48-4301-AACD-6A3090A58018}.Release|Any CPU.Build.0 = Release|Any CPU
		{0A18CB9F-6BF5-45C6-B523-D981AD52E767}.Debug|Any CPU.ActiveCfg = Debug|Any CPU
		{0A18CB9F-6BF5-45C6-B523-D981AD52E767}.Debug|Any CPU.Build.0 = Debug|Any CPU
		{0A18CB9F-6BF5-45C6-B523-D981AD52E767}.Release|Any CPU.ActiveCfg = Release|Any CPU
		{0A18CB9F-6BF5-45C6-B523-D981AD52E767}.Release|Any CPU.Build.0 = Release|Any CPU
	EndGlobalSection
	GlobalSection(SolutionProperties) = preSolution
		HideSolutionNode = FALSE
	EndGlobalSection
EndGlobal
